// !$*UTF8*$!
{
	archiveVersion = 1;
	classes = {
	};
	objectVersion = 48;
	objects = {

/* Begin PBXBuildFile section */
		592B148B20067C8B00CDC170 /* CodeCheck.swift in Sources */ = {isa = PBXBuildFile; fileRef = 592B148A20067C8B00CDC170 /* CodeCheck.swift */; };
		592B148D20074DA400CDC170 /* BrandsVC.swift in Sources */ = {isa = PBXBuildFile; fileRef = 592B148C20074DA400CDC170 /* BrandsVC.swift */; };
		597ACA3720016D42005A0981 /* GetJsonfileNSObject.swift in Sources */ = {isa = PBXBuildFile; fileRef = 597ACA3620016D42005A0981 /* GetJsonfileNSObject.swift */; };
		597C810A20010C3C00417CAB /* AppDelegate.swift in Sources */ = {isa = PBXBuildFile; fileRef = 597C810920010C3C00417CAB /* AppDelegate.swift */; };
		597C810C20010C3C00417CAB /* ViewController.swift in Sources */ = {isa = PBXBuildFile; fileRef = 597C810B20010C3C00417CAB /* ViewController.swift */; };
		597C810F20010C3C00417CAB /* Main.storyboard in Resources */ = {isa = PBXBuildFile; fileRef = 597C810D20010C3C00417CAB /* Main.storyboard */; };
		597C811220010C3C00417CAB /* DemoApp.xcdatamodeld in Sources */ = {isa = PBXBuildFile; fileRef = 597C811020010C3C00417CAB /* DemoApp.xcdatamodeld */; };
		597C811420010C3C00417CAB /* Assets.xcassets in Resources */ = {isa = PBXBuildFile; fileRef = 597C811320010C3C00417CAB /* Assets.xcassets */; };
		597C811720010C3C00417CAB /* LaunchScreen.storyboard in Resources */ = {isa = PBXBuildFile; fileRef = 597C811520010C3C00417CAB /* LaunchScreen.storyboard */; };
		597C812220010C3C00417CAB /* DemoAppTests.swift in Sources */ = {isa = PBXBuildFile; fileRef = 597C812120010C3C00417CAB /* DemoAppTests.swift */; };
		597C813320010FFA00417CAB /* CatagoryTblVw.swift in Sources */ = {isa = PBXBuildFile; fileRef = 597C813220010FFA00417CAB /* CatagoryTblVw.swift */; };
		597C81352001104600417CAB /* CatagoryTblCell.swift in Sources */ = {isa = PBXBuildFile; fileRef = 597C81342001104600417CAB /* CatagoryTblCell.swift */; };
		597C81372001107200417CAB /* BrandTblCell.swift in Sources */ = {isa = PBXBuildFile; fileRef = 597C81362001107200417CAB /* BrandTblCell.swift */; };
		597C813920011B4C00417CAB /* ProductViewTblVc.swift in Sources */ = {isa = PBXBuildFile; fileRef = 597C813820011B4C00417CAB /* ProductViewTblVc.swift */; };
		597C813B200123D800417CAB /* ProductVc.swift in Sources */ = {isa = PBXBuildFile; fileRef = 597C813A200123D800417CAB /* ProductVc.swift */; };
		597C813D2001241600417CAB /* ProductViewCell.swift in Sources */ = {isa = PBXBuildFile; fileRef = 597C813C2001241600417CAB /* ProductViewCell.swift */; };
		597C814520014E7200417CAB /* myntra_women_kurta.json in Resources */ = {isa = PBXBuildFile; fileRef = 597C813F20014E7000417CAB /* myntra_women_kurta.json */; };
		597C814620014E7200417CAB /* myntra_women_kurta.json in Resources */ = {isa = PBXBuildFile; fileRef = 597C813F20014E7000417CAB /* myntra_women_kurta.json */; };
		597C814720014E7200417CAB /* myntra_women_tops.json in Resources */ = {isa = PBXBuildFile; fileRef = 597C814020014E7000417CAB /* myntra_women_tops.json */; };
		597C814820014E7200417CAB /* myntra_women_tops.json in Resources */ = {isa = PBXBuildFile; fileRef = 597C814020014E7000417CAB /* myntra_women_tops.json */; };
		597C814920014E7200417CAB /* myntra_men_tshirt.json in Resources */ = {isa = PBXBuildFile; fileRef = 597C814120014E7100417CAB /* myntra_men_tshirt.json */; };
		597C814A20014E7200417CAB /* myntra_men_tshirt.json in Resources */ = {isa = PBXBuildFile; fileRef = 597C814120014E7100417CAB /* myntra_men_tshirt.json */; };
		597C814B20014E7200417CAB /* myntra_men_sweatshirt.json in Resources */ = {isa = PBXBuildFile; fileRef = 597C814220014E7100417CAB /* myntra_men_sweatshirt.json */; };
		597C814C20014E7200417CAB /* myntra_men_sweatshirt.json in Resources */ = {isa = PBXBuildFile; fileRef = 597C814220014E7100417CAB /* myntra_men_sweatshirt.json */; };
		597C814D20014E7200417CAB /* myntra_women_saree.json in Resources */ = {isa = PBXBuildFile; fileRef = 597C814320014E7100417CAB /* myntra_women_saree.json */; };
		597C814E20014E7200417CAB /* myntra_women_saree.json in Resources */ = {isa = PBXBuildFile; fileRef = 597C814320014E7100417CAB /* myntra_women_saree.json */; };
		597C814F20014E7200417CAB /* myntra_men_shirt.json in Resources */ = {isa = PBXBuildFile; fileRef = 597C814420014E7200417CAB /* myntra_men_shirt.json */; };
		597C815020014E7200417CAB /* myntra_men_shirt.json in Resources */ = {isa = PBXBuildFile; fileRef = 597C814420014E7200417CAB /* myntra_men_shirt.json */; };
		597C815220015E1E00417CAB /* ProductCatagoryTblVwCell.swift in Sources */ = {isa = PBXBuildFile; fileRef = 597C815120015E1E00417CAB /* ProductCatagoryTblVwCell.swift */; };
		59919554200799FF00BF4DB4 /* Collection_Brands+CoreDataClass.swift in Sources */ = {isa = PBXBuildFile; fileRef = 59919552200799FF00BF4DB4 /* Collection_Brands+CoreDataClass.swift */; };
		59919555200799FF00BF4DB4 /* Collection_Brands+CoreDataProperties.swift in Sources */ = {isa = PBXBuildFile; fileRef = 59919553200799FF00BF4DB4 /* Collection_Brands+CoreDataProperties.swift */; };
		59D39DDB200639EF006E8FD2 /* Store_FetchFunctions.swift in Sources */ = {isa = PBXBuildFile; fileRef = 59D39DDA200639EF006E8FD2 /* Store_FetchFunctions.swift */; };
		59D74EDF200346F200B0F5C8 /* BrandsForLadies+CoreDataClass.swift in Sources */ = {isa = PBXBuildFile; fileRef = 59D74EDD200346F200B0F5C8 /* BrandsForLadies+CoreDataClass.swift */; };
		59D74EE0200346F200B0F5C8 /* BrandsForLadies+CoreDataProperties.swift in Sources */ = {isa = PBXBuildFile; fileRef = 59D74EDE200346F200B0F5C8 /* BrandsForLadies+CoreDataProperties.swift */; };
		59D74EE32003470E00B0F5C8 /* BrandsForGents+CoreDataClass.swift in Sources */ = {isa = PBXBuildFile; fileRef = 59D74EE12003470E00B0F5C8 /* BrandsForGents+CoreDataClass.swift */; };
		59D74EE42003470E00B0F5C8 /* BrandsForGents+CoreDataProperties.swift in Sources */ = {isa = PBXBuildFile; fileRef = 59D74EE22003470E00B0F5C8 /* BrandsForGents+CoreDataProperties.swift */; };
		59D74EE6200347E800B0F5C8 /* JsonMapper.swift in Sources */ = {isa = PBXBuildFile; fileRef = 59D74EE5200347E800B0F5C8 /* JsonMapper.swift */; };
		59D74F0E20049B9F00B0F5C8 /* Women_saree+CoreDataClass.swift in Sources */ = {isa = PBXBuildFile; fileRef = 59D74F0220049B9F00B0F5C8 /* Women_saree+CoreDataClass.swift */; };
		59D74F0F20049B9F00B0F5C8 /* Women_saree+CoreDataProperties.swift in Sources */ = {isa = PBXBuildFile; fileRef = 59D74F0320049B9F00B0F5C8 /* Women_saree+CoreDataProperties.swift */; };
		59D74F1020049B9F00B0F5C8 /* Women_tops+CoreDataClass.swift in Sources */ = {isa = PBXBuildFile; fileRef = 59D74F0420049B9F00B0F5C8 /* Women_tops+CoreDataClass.swift */; };
		59D74F1120049B9F00B0F5C8 /* Women_tops+CoreDataProperties.swift in Sources */ = {isa = PBXBuildFile; fileRef = 59D74F0520049B9F00B0F5C8 /* Women_tops+CoreDataProperties.swift */; };
		59D74F1220049B9F00B0F5C8 /* Mens_shirt+CoreDataClass.swift in Sources */ = {isa = PBXBuildFile; fileRef = 59D74F0620049B9F00B0F5C8 /* Mens_shirt+CoreDataClass.swift */; };
		59D74F1320049B9F00B0F5C8 /* Mens_shirt+CoreDataProperties.swift in Sources */ = {isa = PBXBuildFile; fileRef = 59D74F0720049B9F00B0F5C8 /* Mens_shirt+CoreDataProperties.swift */; };
		59D74F1420049B9F00B0F5C8 /* Mens_sweatshirt+CoreDataClass.swift in Sources */ = {isa = PBXBuildFile; fileRef = 59D74F0820049B9F00B0F5C8 /* Mens_sweatshirt+CoreDataClass.swift */; };
		59D74F1520049B9F00B0F5C8 /* Mens_sweatshirt+CoreDataProperties.swift in Sources */ = {isa = PBXBuildFile; fileRef = 59D74F0920049B9F00B0F5C8 /* Mens_sweatshirt+CoreDataProperties.swift */; };
		59D74F1620049B9F00B0F5C8 /* Mens_tshirt+CoreDataClass.swift in Sources */ = {isa = PBXBuildFile; fileRef = 59D74F0A20049B9F00B0F5C8 /* Mens_tshirt+CoreDataClass.swift */; };
		59D74F1720049B9F00B0F5C8 /* Mens_tshirt+CoreDataProperties.swift in Sources */ = {isa = PBXBuildFile; fileRef = 59D74F0B20049B9F00B0F5C8 /* Mens_tshirt+CoreDataProperties.swift */; };
		59D74F1820049B9F00B0F5C8 /* Women_kurta+CoreDataClass.swift in Sources */ = {isa = PBXBuildFile; fileRef = 59D74F0C20049B9F00B0F5C8 /* Women_kurta+CoreDataClass.swift */; };
		59D74F1920049B9F00B0F5C8 /* Women_kurta+CoreDataProperties.swift in Sources */ = {isa = PBXBuildFile; fileRef = 59D74F0D20049B9F00B0F5C8 /* Women_kurta+CoreDataProperties.swift */; };
		59D74F1B2004A20B00B0F5C8 /* GetCoreDataVariables.swift in Sources */ = {isa = PBXBuildFile; fileRef = 59D74F1A2004A20B00B0F5C8 /* GetCoreDataVariables.swift */; };
		59D74F1E2004F6E600B0F5C8 /* Brand+CoreDataClass.swift in Sources */ = {isa = PBXBuildFile; fileRef = 59D74F1C2004F6E600B0F5C8 /* Brand+CoreDataClass.swift */; };
		59D74F1F2004F6E600B0F5C8 /* Brand+CoreDataProperties.swift in Sources */ = {isa = PBXBuildFile; fileRef = 59D74F1D2004F6E600B0F5C8 /* Brand+CoreDataProperties.swift */; };
		59D74F212005E0FD00B0F5C8 /* productCellNsObject.swift in Sources */ = {isa = PBXBuildFile; fileRef = 59D74F202005E0FD00B0F5C8 /* productCellNsObject.swift */; };
		59D74F232005FFB500B0F5C8 /* brandCellNsObject.swift in Sources */ = {isa = PBXBuildFile; fileRef = 59D74F222005FFB500B0F5C8 /* brandCellNsObject.swift */; };
		59F9374520121004009870A2 /* Storyboard.storyboard in Resources */ = {isa = PBXBuildFile; fileRef = 59F9374420121004009870A2 /* Storyboard.storyboard */; };
		59F9374B2012110A009870A2 /* ChooseBrandVC.swift in Sources */ = {isa = PBXBuildFile; fileRef = 59F9374A2012110A009870A2 /* ChooseBrandVC.swift */; };
		59F9374D2012113B009870A2 /* ChooseProductVC.swift in Sources */ = {isa = PBXBuildFile; fileRef = 59F9374C2012113B009870A2 /* ChooseProductVC.swift */; };
		59F9374F20121157009870A2 /* ShowProductVC.swift in Sources */ = {isa = PBXBuildFile; fileRef = 59F9374E20121156009870A2 /* ShowProductVC.swift */; };
		59F9375120121177009870A2 /* AddCartVC.swift in Sources */ = {isa = PBXBuildFile; fileRef = 59F9375020121177009870A2 /* AddCartVC.swift */; };
		59F93753201211BF009870A2 /* StartPageCell.swift in Sources */ = {isa = PBXBuildFile; fileRef = 59F93752201211BF009870A2 /* StartPageCell.swift */; };
		59F93755201211D9009870A2 /* ChooseCatagoryCell.swift in Sources */ = {isa = PBXBuildFile; fileRef = 59F93754201211D9009870A2 /* ChooseCatagoryCell.swift */; };
		59F93757201211F0009870A2 /* ChooseBrandCell.swift in Sources */ = {isa = PBXBuildFile; fileRef = 59F93756201211F0009870A2 /* ChooseBrandCell.swift */; };
		59F93759201235AD009870A2 /* StartingTblVC.swift in Sources */ = {isa = PBXBuildFile; fileRef = 59F93758201235AD009870A2 /* StartingTblVC.swift */; };
		59F9375B201237BA009870A2 /* ChooseCatagoryTblVC.swift in Sources */ = {isa = PBXBuildFile; fileRef = 59F9375A201237BA009870A2 /* ChooseCatagoryTblVC.swift */; };
		C006CD8604AA8513A0ADCF5C /* Pods_DemoAppTests.framework in Frameworks */ = {isa = PBXBuildFile; fileRef = 8A19E01EBC1CCF825579A762 /* Pods_DemoAppTests.framework */; };
		DF5964007BE3B571DB7214B1 /* Pods_DemoApp.framework in Frameworks */ = {isa = PBXBuildFile; fileRef = 66274FBA5097D3A7D5A957E8 /* Pods_DemoApp.framework */; };
/* End PBXBuildFile section */

/* Begin PBXContainerItemProxy section */
		597C811E20010C3C00417CAB /* PBXContainerItemProxy */ = {
			isa = PBXContainerItemProxy;
			containerPortal = 597C80FE20010C3C00417CAB /* Project object */;
			proxyType = 1;
			remoteGlobalIDString = 597C810520010C3C00417CAB;
			remoteInfo = DemoApp;
		};
/* End PBXContainerItemProxy section */

/* Begin PBXFileReference section */
		066DCE8BC99B716297BB3F55 /* Pods-DemoApp.release.xcconfig */ = {isa = PBXFileReference; includeInIndex = 1; lastKnownFileType = text.xcconfig; name = "Pods-DemoApp.release.xcconfig"; path = "Pods/Target Support Files/Pods-DemoApp/Pods-DemoApp.release.xcconfig"; sourceTree = "<group>"; };
		592B148A20067C8B00CDC170 /* CodeCheck.swift */ = {isa = PBXFileReference; lastKnownFileType = sourcecode.swift; path = CodeCheck.swift; sourceTree = "<group>"; };
		592B148C20074DA400CDC170 /* BrandsVC.swift */ = {isa = PBXFileReference; lastKnownFileType = sourcecode.swift; path = BrandsVC.swift; sourceTree = "<group>"; };
		597ACA3620016D42005A0981 /* GetJsonfileNSObject.swift */ = {isa = PBXFileReference; lastKnownFileType = sourcecode.swift; path = GetJsonfileNSObject.swift; sourceTree = "<group>"; };
		597C810620010C3C00417CAB /* DemoApp.app */ = {isa = PBXFileReference; explicitFileType = wrapper.application; includeInIndex = 0; path = DemoApp.app; sourceTree = BUILT_PRODUCTS_DIR; };
		597C810920010C3C00417CAB /* AppDelegate.swift */ = {isa = PBXFileReference; lastKnownFileType = sourcecode.swift; path = AppDelegate.swift; sourceTree = "<group>"; };
		597C810B20010C3C00417CAB /* ViewController.swift */ = {isa = PBXFileReference; lastKnownFileType = sourcecode.swift; path = ViewController.swift; sourceTree = "<group>"; };
		597C810E20010C3C00417CAB /* Base */ = {isa = PBXFileReference; lastKnownFileType = file.storyboard; name = Base; path = Base.lproj/Main.storyboard; sourceTree = "<group>"; };
		597C811120010C3C00417CAB /* DemoApp.xcdatamodel */ = {isa = PBXFileReference; lastKnownFileType = wrapper.xcdatamodel; path = DemoApp.xcdatamodel; sourceTree = "<group>"; };
		597C811320010C3C00417CAB /* Assets.xcassets */ = {isa = PBXFileReference; lastKnownFileType = folder.assetcatalog; path = Assets.xcassets; sourceTree = "<group>"; };
		597C811620010C3C00417CAB /* Base */ = {isa = PBXFileReference; lastKnownFileType = file.storyboard; name = Base; path = Base.lproj/LaunchScreen.storyboard; sourceTree = "<group>"; };
		597C811820010C3C00417CAB /* Info.plist */ = {isa = PBXFileReference; lastKnownFileType = text.plist.xml; path = Info.plist; sourceTree = "<group>"; };
		597C811D20010C3C00417CAB /* DemoAppTests.xctest */ = {isa = PBXFileReference; explicitFileType = wrapper.cfbundle; includeInIndex = 0; path = DemoAppTests.xctest; sourceTree = BUILT_PRODUCTS_DIR; };
		597C812120010C3C00417CAB /* DemoAppTests.swift */ = {isa = PBXFileReference; lastKnownFileType = sourcecode.swift; path = DemoAppTests.swift; sourceTree = "<group>"; };
		597C812320010C3C00417CAB /* Info.plist */ = {isa = PBXFileReference; lastKnownFileType = text.plist.xml; path = Info.plist; sourceTree = "<group>"; };
		597C813220010FFA00417CAB /* CatagoryTblVw.swift */ = {isa = PBXFileReference; lastKnownFileType = sourcecode.swift; path = CatagoryTblVw.swift; sourceTree = "<group>"; };
		597C81342001104600417CAB /* CatagoryTblCell.swift */ = {isa = PBXFileReference; lastKnownFileType = sourcecode.swift; path = CatagoryTblCell.swift; sourceTree = "<group>"; };
		597C81362001107200417CAB /* BrandTblCell.swift */ = {isa = PBXFileReference; lastKnownFileType = sourcecode.swift; path = BrandTblCell.swift; sourceTree = "<group>"; };
		597C813820011B4C00417CAB /* ProductViewTblVc.swift */ = {isa = PBXFileReference; lastKnownFileType = sourcecode.swift; path = ProductViewTblVc.swift; sourceTree = "<group>"; };
		597C813A200123D800417CAB /* ProductVc.swift */ = {isa = PBXFileReference; lastKnownFileType = sourcecode.swift; path = ProductVc.swift; sourceTree = "<group>"; };
		597C813C2001241600417CAB /* ProductViewCell.swift */ = {isa = PBXFileReference; lastKnownFileType = sourcecode.swift; path = ProductViewCell.swift; sourceTree = "<group>"; };
		597C813F20014E7000417CAB /* myntra_women_kurta.json */ = {isa = PBXFileReference; fileEncoding = 4; lastKnownFileType = text.json; path = myntra_women_kurta.json; sourceTree = "<group>"; };
		597C814020014E7000417CAB /* myntra_women_tops.json */ = {isa = PBXFileReference; fileEncoding = 4; lastKnownFileType = text.json; path = myntra_women_tops.json; sourceTree = "<group>"; };
		597C814120014E7100417CAB /* myntra_men_tshirt.json */ = {isa = PBXFileReference; fileEncoding = 4; lastKnownFileType = text.json; path = myntra_men_tshirt.json; sourceTree = "<group>"; };
		597C814220014E7100417CAB /* myntra_men_sweatshirt.json */ = {isa = PBXFileReference; fileEncoding = 4; lastKnownFileType = text.json; path = myntra_men_sweatshirt.json; sourceTree = "<group>"; };
		597C814320014E7100417CAB /* myntra_women_saree.json */ = {isa = PBXFileReference; fileEncoding = 4; lastKnownFileType = text.json; path = myntra_women_saree.json; sourceTree = "<group>"; };
		597C814420014E7200417CAB /* myntra_men_shirt.json */ = {isa = PBXFileReference; fileEncoding = 4; lastKnownFileType = text.json; path = myntra_men_shirt.json; sourceTree = "<group>"; };
		597C815120015E1E00417CAB /* ProductCatagoryTblVwCell.swift */ = {isa = PBXFileReference; lastKnownFileType = sourcecode.swift; path = ProductCatagoryTblVwCell.swift; sourceTree = "<group>"; };
		59919552200799FF00BF4DB4 /* Collection_Brands+CoreDataClass.swift */ = {isa = PBXFileReference; lastKnownFileType = sourcecode.swift; path = "Collection_Brands+CoreDataClass.swift"; sourceTree = "<group>"; };
		59919553200799FF00BF4DB4 /* Collection_Brands+CoreDataProperties.swift */ = {isa = PBXFileReference; lastKnownFileType = sourcecode.swift; path = "Collection_Brands+CoreDataProperties.swift"; sourceTree = "<group>"; };
		59D39DDA200639EF006E8FD2 /* Store_FetchFunctions.swift */ = {isa = PBXFileReference; lastKnownFileType = sourcecode.swift; path = Store_FetchFunctions.swift; sourceTree = "<group>"; };
		59D74EDD200346F200B0F5C8 /* BrandsForLadies+CoreDataClass.swift */ = {isa = PBXFileReference; lastKnownFileType = sourcecode.swift; path = "BrandsForLadies+CoreDataClass.swift"; sourceTree = "<group>"; };
		59D74EDE200346F200B0F5C8 /* BrandsForLadies+CoreDataProperties.swift */ = {isa = PBXFileReference; lastKnownFileType = sourcecode.swift; path = "BrandsForLadies+CoreDataProperties.swift"; sourceTree = "<group>"; };
		59D74EE12003470E00B0F5C8 /* BrandsForGents+CoreDataClass.swift */ = {isa = PBXFileReference; lastKnownFileType = sourcecode.swift; path = "BrandsForGents+CoreDataClass.swift"; sourceTree = "<group>"; };
		59D74EE22003470E00B0F5C8 /* BrandsForGents+CoreDataProperties.swift */ = {isa = PBXFileReference; lastKnownFileType = sourcecode.swift; path = "BrandsForGents+CoreDataProperties.swift"; sourceTree = "<group>"; };
		59D74EE5200347E800B0F5C8 /* JsonMapper.swift */ = {isa = PBXFileReference; lastKnownFileType = sourcecode.swift; path = JsonMapper.swift; sourceTree = "<group>"; };
		59D74F0220049B9F00B0F5C8 /* Women_saree+CoreDataClass.swift */ = {isa = PBXFileReference; lastKnownFileType = sourcecode.swift; path = "Women_saree+CoreDataClass.swift"; sourceTree = "<group>"; };
		59D74F0320049B9F00B0F5C8 /* Women_saree+CoreDataProperties.swift */ = {isa = PBXFileReference; lastKnownFileType = sourcecode.swift; path = "Women_saree+CoreDataProperties.swift"; sourceTree = "<group>"; };
		59D74F0420049B9F00B0F5C8 /* Women_tops+CoreDataClass.swift */ = {isa = PBXFileReference; lastKnownFileType = sourcecode.swift; path = "Women_tops+CoreDataClass.swift"; sourceTree = "<group>"; };
		59D74F0520049B9F00B0F5C8 /* Women_tops+CoreDataProperties.swift */ = {isa = PBXFileReference; lastKnownFileType = sourcecode.swift; path = "Women_tops+CoreDataProperties.swift"; sourceTree = "<group>"; };
		59D74F0620049B9F00B0F5C8 /* Mens_shirt+CoreDataClass.swift */ = {isa = PBXFileReference; lastKnownFileType = sourcecode.swift; path = "Mens_shirt+CoreDataClass.swift"; sourceTree = "<group>"; };
		59D74F0720049B9F00B0F5C8 /* Mens_shirt+CoreDataProperties.swift */ = {isa = PBXFileReference; lastKnownFileType = sourcecode.swift; path = "Mens_shirt+CoreDataProperties.swift"; sourceTree = "<group>"; };
		59D74F0820049B9F00B0F5C8 /* Mens_sweatshirt+CoreDataClass.swift */ = {isa = PBXFileReference; lastKnownFileType = sourcecode.swift; path = "Mens_sweatshirt+CoreDataClass.swift"; sourceTree = "<group>"; };
		59D74F0920049B9F00B0F5C8 /* Mens_sweatshirt+CoreDataProperties.swift */ = {isa = PBXFileReference; lastKnownFileType = sourcecode.swift; path = "Mens_sweatshirt+CoreDataProperties.swift"; sourceTree = "<group>"; };
		59D74F0A20049B9F00B0F5C8 /* Mens_tshirt+CoreDataClass.swift */ = {isa = PBXFileReference; lastKnownFileType = sourcecode.swift; path = "Mens_tshirt+CoreDataClass.swift"; sourceTree = "<group>"; };
		59D74F0B20049B9F00B0F5C8 /* Mens_tshirt+CoreDataProperties.swift */ = {isa = PBXFileReference; lastKnownFileType = sourcecode.swift; path = "Mens_tshirt+CoreDataProperties.swift"; sourceTree = "<group>"; };
		59D74F0C20049B9F00B0F5C8 /* Women_kurta+CoreDataClass.swift */ = {isa = PBXFileReference; lastKnownFileType = sourcecode.swift; path = "Women_kurta+CoreDataClass.swift"; sourceTree = "<group>"; };
		59D74F0D20049B9F00B0F5C8 /* Women_kurta+CoreDataProperties.swift */ = {isa = PBXFileReference; lastKnownFileType = sourcecode.swift; path = "Women_kurta+CoreDataProperties.swift"; sourceTree = "<group>"; };
		59D74F1A2004A20B00B0F5C8 /* GetCoreDataVariables.swift */ = {isa = PBXFileReference; lastKnownFileType = sourcecode.swift; path = GetCoreDataVariables.swift; sourceTree = "<group>"; };
		59D74F1C2004F6E600B0F5C8 /* Brand+CoreDataClass.swift */ = {isa = PBXFileReference; lastKnownFileType = sourcecode.swift; path = "Brand+CoreDataClass.swift"; sourceTree = "<group>"; };
		59D74F1D2004F6E600B0F5C8 /* Brand+CoreDataProperties.swift */ = {isa = PBXFileReference; lastKnownFileType = sourcecode.swift; path = "Brand+CoreDataProperties.swift"; sourceTree = "<group>"; };
		59D74F202005E0FD00B0F5C8 /* productCellNsObject.swift */ = {isa = PBXFileReference; lastKnownFileType = sourcecode.swift; path = productCellNsObject.swift; sourceTree = "<group>"; };
		59D74F222005FFB500B0F5C8 /* brandCellNsObject.swift */ = {isa = PBXFileReference; lastKnownFileType = sourcecode.swift; path = brandCellNsObject.swift; sourceTree = "<group>"; };
		59F9374420121004009870A2 /* Storyboard.storyboard */ = {isa = PBXFileReference; lastKnownFileType = file.storyboard; path = Storyboard.storyboard; sourceTree = "<group>"; };
		59F9374A2012110A009870A2 /* ChooseBrandVC.swift */ = {isa = PBXFileReference; lastKnownFileType = sourcecode.swift; path = ChooseBrandVC.swift; sourceTree = "<group>"; };
		59F9374C2012113B009870A2 /* ChooseProductVC.swift */ = {isa = PBXFileReference; lastKnownFileType = sourcecode.swift; path = ChooseProductVC.swift; sourceTree = "<group>"; };
		59F9374E20121156009870A2 /* ShowProductVC.swift */ = {isa = PBXFileReference; lastKnownFileType = sourcecode.swift; path = ShowProductVC.swift; sourceTree = "<group>"; };
		59F9375020121177009870A2 /* AddCartVC.swift */ = {isa = PBXFileReference; lastKnownFileType = sourcecode.swift; path = AddCartVC.swift; sourceTree = "<group>"; };
		59F93752201211BF009870A2 /* StartPageCell.swift */ = {isa = PBXFileReference; lastKnownFileType = sourcecode.swift; path = StartPageCell.swift; sourceTree = "<group>"; };
		59F93754201211D9009870A2 /* ChooseCatagoryCell.swift */ = {isa = PBXFileReference; lastKnownFileType = sourcecode.swift; path = ChooseCatagoryCell.swift; sourceTree = "<group>"; };
		59F93756201211F0009870A2 /* ChooseBrandCell.swift */ = {isa = PBXFileReference; lastKnownFileType = sourcecode.swift; path = ChooseBrandCell.swift; sourceTree = "<group>"; };
		59F93758201235AD009870A2 /* StartingTblVC.swift */ = {isa = PBXFileReference; lastKnownFileType = sourcecode.swift; path = StartingTblVC.swift; sourceTree = "<group>"; };
		59F9375A201237BA009870A2 /* ChooseCatagoryTblVC.swift */ = {isa = PBXFileReference; lastKnownFileType = sourcecode.swift; path = ChooseCatagoryTblVC.swift; sourceTree = "<group>"; };
		66274FBA5097D3A7D5A957E8 /* Pods_DemoApp.framework */ = {isa = PBXFileReference; explicitFileType = wrapper.framework; includeInIndex = 0; path = Pods_DemoApp.framework; sourceTree = BUILT_PRODUCTS_DIR; };
		6EDE35E602E34FE6F9101F22 /* Pods-DemoApp.debug.xcconfig */ = {isa = PBXFileReference; includeInIndex = 1; lastKnownFileType = text.xcconfig; name = "Pods-DemoApp.debug.xcconfig"; path = "Pods/Target Support Files/Pods-DemoApp/Pods-DemoApp.debug.xcconfig"; sourceTree = "<group>"; };
		8A19E01EBC1CCF825579A762 /* Pods_DemoAppTests.framework */ = {isa = PBXFileReference; explicitFileType = wrapper.framework; includeInIndex = 0; path = Pods_DemoAppTests.framework; sourceTree = BUILT_PRODUCTS_DIR; };
		E5C095CFCF384FE35CED6B3E /* Pods-DemoAppTests.release.xcconfig */ = {isa = PBXFileReference; includeInIndex = 1; lastKnownFileType = text.xcconfig; name = "Pods-DemoAppTests.release.xcconfig"; path = "Pods/Target Support Files/Pods-DemoAppTests/Pods-DemoAppTests.release.xcconfig"; sourceTree = "<group>"; };
		EFE5BB72FECE59C62A779726 /* Pods-DemoAppTests.debug.xcconfig */ = {isa = PBXFileReference; includeInIndex = 1; lastKnownFileType = text.xcconfig; name = "Pods-DemoAppTests.debug.xcconfig"; path = "Pods/Target Support Files/Pods-DemoAppTests/Pods-DemoAppTests.debug.xcconfig"; sourceTree = "<group>"; };
/* End PBXFileReference section */

/* Begin PBXFrameworksBuildPhase section */
		597C810320010C3C00417CAB /* Frameworks */ = {
			isa = PBXFrameworksBuildPhase;
			buildActionMask = 2147483647;
			files = (
				DF5964007BE3B571DB7214B1 /* Pods_DemoApp.framework in Frameworks */,
			);
			runOnlyForDeploymentPostprocessing = 0;
		};
		597C811A20010C3C00417CAB /* Frameworks */ = {
			isa = PBXFrameworksBuildPhase;
			buildActionMask = 2147483647;
			files = (
				C006CD8604AA8513A0ADCF5C /* Pods_DemoAppTests.framework in Frameworks */,
			);
			runOnlyForDeploymentPostprocessing = 0;
		};
/* End PBXFrameworksBuildPhase section */

/* Begin PBXGroup section */
		1DAC528BFF58C97773DEEDFA /* Pods */ = {
			isa = PBXGroup;
			children = (
				6EDE35E602E34FE6F9101F22 /* Pods-DemoApp.debug.xcconfig */,
				066DCE8BC99B716297BB3F55 /* Pods-DemoApp.release.xcconfig */,
				EFE5BB72FECE59C62A779726 /* Pods-DemoAppTests.debug.xcconfig */,
				E5C095CFCF384FE35CED6B3E /* Pods-DemoAppTests.release.xcconfig */,
			);
			name = Pods;
			sourceTree = "<group>";
		};
		597C80FD20010C3C00417CAB = {
			isa = PBXGroup;
			children = (
				59F9374320120F8B009870A2 /* Version 2.0 */,
				597C810820010C3C00417CAB /* DemoApp */,
				597C812020010C3C00417CAB /* DemoAppTests */,
				597C810720010C3C00417CAB /* Products */,
				1DAC528BFF58C97773DEEDFA /* Pods */,
				C39769CD91819B3CEB1B8942 /* Frameworks */,
			);
			sourceTree = "<group>";
		};
		597C810720010C3C00417CAB /* Products */ = {
			isa = PBXGroup;
			children = (
				597C810620010C3C00417CAB /* DemoApp.app */,
				597C811D20010C3C00417CAB /* DemoAppTests.xctest */,
			);
			name = Products;
			sourceTree = "<group>";
		};
		597C810820010C3C00417CAB /* DemoApp */ = {
			isa = PBXGroup;
			children = (
				597C813E20014E4000417CAB /* jsonFiles */,
				597C810920010C3C00417CAB /* AppDelegate.swift */,
				597C810D20010C3C00417CAB /* Main.storyboard */,
				597C811320010C3C00417CAB /* Assets.xcassets */,
				597C811520010C3C00417CAB /* LaunchScreen.storyboard */,
				597C811820010C3C00417CAB /* Info.plist */,
				59D39DD920063876006E8FD2 /* nsObjects */,
				59D39DD820063839006E8FD2 /* viewCells */,
				59D39DD720063823006E8FD2 /* viewControlles */,
				59D74EE5200347E800B0F5C8 /* JsonMapper.swift */,
				59D74EE9200491D900B0F5C8 /* coreData */,
			);
			path = DemoApp;
			sourceTree = "<group>";
		};
		597C812020010C3C00417CAB /* DemoAppTests */ = {
			isa = PBXGroup;
			children = (
				597C812120010C3C00417CAB /* DemoAppTests.swift */,
				597C812320010C3C00417CAB /* Info.plist */,
			);
			path = DemoAppTests;
			sourceTree = "<group>";
		};
		597C813E20014E4000417CAB /* jsonFiles */ = {
			isa = PBXGroup;
			children = (
				597C814420014E7200417CAB /* myntra_men_shirt.json */,
				597C814220014E7100417CAB /* myntra_men_sweatshirt.json */,
				597C814120014E7100417CAB /* myntra_men_tshirt.json */,
				597C813F20014E7000417CAB /* myntra_women_kurta.json */,
				597C814320014E7100417CAB /* myntra_women_saree.json */,
				597C814020014E7000417CAB /* myntra_women_tops.json */,
			);
			path = jsonFiles;
			sourceTree = "<group>";
		};
		59D39DD720063823006E8FD2 /* viewControlles */ = {
			isa = PBXGroup;
			children = (
				597C813220010FFA00417CAB /* CatagoryTblVw.swift */,
				597C813820011B4C00417CAB /* ProductViewTblVc.swift */,
				592B148C20074DA400CDC170 /* BrandsVC.swift */,
				597C813A200123D800417CAB /* ProductVc.swift */,
				597C810B20010C3C00417CAB /* ViewController.swift */,
			);
			path = viewControlles;
			sourceTree = "<group>";
		};
		59D39DD820063839006E8FD2 /* viewCells */ = {
			isa = PBXGroup;
			children = (
				597C813C2001241600417CAB /* ProductViewCell.swift */,
				597C81342001104600417CAB /* CatagoryTblCell.swift */,
				597C81362001107200417CAB /* BrandTblCell.swift */,
				597C815120015E1E00417CAB /* ProductCatagoryTblVwCell.swift */,
			);
			path = viewCells;
			sourceTree = "<group>";
		};
		59D39DD920063876006E8FD2 /* nsObjects */ = {
			isa = PBXGroup;
			children = (
				592B148A20067C8B00CDC170 /* CodeCheck.swift */,
				59D39DDA200639EF006E8FD2 /* Store_FetchFunctions.swift */,
				59D74F1A2004A20B00B0F5C8 /* GetCoreDataVariables.swift */,
				59D74F222005FFB500B0F5C8 /* brandCellNsObject.swift */,
				59D74F202005E0FD00B0F5C8 /* productCellNsObject.swift */,
				597ACA3620016D42005A0981 /* GetJsonfileNSObject.swift */,
			);
			path = nsObjects;
			sourceTree = "<group>";
		};
		59D74EE9200491D900B0F5C8 /* coreData */ = {
			isa = PBXGroup;
			children = (
				59919552200799FF00BF4DB4 /* Collection_Brands+CoreDataClass.swift */,
				59919553200799FF00BF4DB4 /* Collection_Brands+CoreDataProperties.swift */,
				597C811020010C3C00417CAB /* DemoApp.xcdatamodeld */,
				59D74F1C2004F6E600B0F5C8 /* Brand+CoreDataClass.swift */,
				59D74EE12003470E00B0F5C8 /* BrandsForGents+CoreDataClass.swift */,
				59D74EDD200346F200B0F5C8 /* BrandsForLadies+CoreDataClass.swift */,
				59D74F0220049B9F00B0F5C8 /* Women_saree+CoreDataClass.swift */,
				59D74F0420049B9F00B0F5C8 /* Women_tops+CoreDataClass.swift */,
				59D74F0C20049B9F00B0F5C8 /* Women_kurta+CoreDataClass.swift */,
				59D74F0620049B9F00B0F5C8 /* Mens_shirt+CoreDataClass.swift */,
				59D74F0820049B9F00B0F5C8 /* Mens_sweatshirt+CoreDataClass.swift */,
				59D74F0A20049B9F00B0F5C8 /* Mens_tshirt+CoreDataClass.swift */,
				59D74F1D2004F6E600B0F5C8 /* Brand+CoreDataProperties.swift */,
				59D74F0320049B9F00B0F5C8 /* Women_saree+CoreDataProperties.swift */,
				59D74F0520049B9F00B0F5C8 /* Women_tops+CoreDataProperties.swift */,
				59D74F0720049B9F00B0F5C8 /* Mens_shirt+CoreDataProperties.swift */,
				59D74F0920049B9F00B0F5C8 /* Mens_sweatshirt+CoreDataProperties.swift */,
				59D74F0B20049B9F00B0F5C8 /* Mens_tshirt+CoreDataProperties.swift */,
				59D74F0D20049B9F00B0F5C8 /* Women_kurta+CoreDataProperties.swift */,
				59D74EDE200346F200B0F5C8 /* BrandsForLadies+CoreDataProperties.swift */,
				59D74EE22003470E00B0F5C8 /* BrandsForGents+CoreDataProperties.swift */,
			);
			path = coreData;
			sourceTree = "<group>";
		};
		59F9374320120F8B009870A2 /* Version 2.0 */ = {
			isa = PBXGroup;
			children = (
				59F9374420121004009870A2 /* Storyboard.storyboard */,
				59F93758201235AD009870A2 /* StartingTblVC.swift */,
				59F9375A201237BA009870A2 /* ChooseCatagoryTblVC.swift */,
				59F9374A2012110A009870A2 /* ChooseBrandVC.swift */,
				59F9374C2012113B009870A2 /* ChooseProductVC.swift */,
				59F9374E20121156009870A2 /* ShowProductVC.swift */,
				59F9375020121177009870A2 /* AddCartVC.swift */,
				59F93752201211BF009870A2 /* StartPageCell.swift */,
				59F93754201211D9009870A2 /* ChooseCatagoryCell.swift */,
				59F93756201211F0009870A2 /* ChooseBrandCell.swift */,
			);
			path = "Version 2.0";
			sourceTree = "<group>";
		};
		C39769CD91819B3CEB1B8942 /* Frameworks */ = {
			isa = PBXGroup;
			children = (
				66274FBA5097D3A7D5A957E8 /* Pods_DemoApp.framework */,
				8A19E01EBC1CCF825579A762 /* Pods_DemoAppTests.framework */,
			);
			name = Frameworks;
			sourceTree = "<group>";
		};
/* End PBXGroup section */

/* Begin PBXNativeTarget section */
		597C810520010C3C00417CAB /* DemoApp */ = {
			isa = PBXNativeTarget;
			buildConfigurationList = 597C812620010C3C00417CAB /* Build configuration list for PBXNativeTarget "DemoApp" */;
			buildPhases = (
				96ED43CBF1D3481DB0169147 /* [CP] Check Pods Manifest.lock */,
				597C810220010C3C00417CAB /* Sources */,
				597C810320010C3C00417CAB /* Frameworks */,
				597C810420010C3C00417CAB /* Resources */,
				7EA519FA94277B36864EF4BB /* [CP] Embed Pods Frameworks */,
				F101BB0E0A4F9321C288C5C6 /* [CP] Copy Pods Resources */,
			);
			buildRules = (
			);
			dependencies = (
			);
			name = DemoApp;
			productName = DemoApp;
			productReference = 597C810620010C3C00417CAB /* DemoApp.app */;
			productType = "com.apple.product-type.application";
		};
		597C811C20010C3C00417CAB /* DemoAppTests */ = {
			isa = PBXNativeTarget;
			buildConfigurationList = 597C812920010C3C00417CAB /* Build configuration list for PBXNativeTarget "DemoAppTests" */;
			buildPhases = (
				B2BEAAD4F072D72B3BB44022 /* [CP] Check Pods Manifest.lock */,
				597C811920010C3C00417CAB /* Sources */,
				597C811A20010C3C00417CAB /* Frameworks */,
				597C811B20010C3C00417CAB /* Resources */,
				F1ACA31945171EAC54C20238 /* [CP] Embed Pods Frameworks */,
				97DECA9FE0CFDA72A41DF4B0 /* [CP] Copy Pods Resources */,
			);
			buildRules = (
			);
			dependencies = (
				597C811F20010C3C00417CAB /* PBXTargetDependency */,
			);
			name = DemoAppTests;
			productName = DemoAppTests;
			productReference = 597C811D20010C3C00417CAB /* DemoAppTests.xctest */;
			productType = "com.apple.product-type.bundle.unit-test";
		};
/* End PBXNativeTarget section */

/* Begin PBXProject section */
		597C80FE20010C3C00417CAB /* Project object */ = {
			isa = PBXProject;
			attributes = {
				LastSwiftUpdateCheck = 0920;
				LastUpgradeCheck = 0920;
				ORGANIZATIONNAME = "Rabeeh KP";
				TargetAttributes = {
					597C810520010C3C00417CAB = {
						CreatedOnToolsVersion = 9.2;
						ProvisioningStyle = Automatic;
					};
					597C811C20010C3C00417CAB = {
						CreatedOnToolsVersion = 9.2;
						ProvisioningStyle = Automatic;
						TestTargetID = 597C810520010C3C00417CAB;
					};
				};
			};
			buildConfigurationList = 597C810120010C3C00417CAB /* Build configuration list for PBXProject "DemoApp" */;
			compatibilityVersion = "Xcode 8.0";
			developmentRegion = en;
			hasScannedForEncodings = 0;
			knownRegions = (
				en,
				Base,
			);
			mainGroup = 597C80FD20010C3C00417CAB;
			productRefGroup = 597C810720010C3C00417CAB /* Products */;
			projectDirPath = "";
			projectRoot = "";
			targets = (
				597C810520010C3C00417CAB /* DemoApp */,
				597C811C20010C3C00417CAB /* DemoAppTests */,
			);
		};
/* End PBXProject section */

/* Begin PBXResourcesBuildPhase section */
		597C810420010C3C00417CAB /* Resources */ = {
			isa = PBXResourcesBuildPhase;
			buildActionMask = 2147483647;
			files = (
				597C814720014E7200417CAB /* myntra_women_tops.json in Resources */,
				597C814B20014E7200417CAB /* myntra_men_sweatshirt.json in Resources */,
				597C814920014E7200417CAB /* myntra_men_tshirt.json in Resources */,
				597C811720010C3C00417CAB /* LaunchScreen.storyboard in Resources */,
				597C814520014E7200417CAB /* myntra_women_kurta.json in Resources */,
				597C811420010C3C00417CAB /* Assets.xcassets in Resources */,
				597C814D20014E7200417CAB /* myntra_women_saree.json in Resources */,
				597C810F20010C3C00417CAB /* Main.storyboard in Resources */,
				597C814F20014E7200417CAB /* myntra_men_shirt.json in Resources */,
				59F9374520121004009870A2 /* Storyboard.storyboard in Resources */,
			);
			runOnlyForDeploymentPostprocessing = 0;
		};
		597C811B20010C3C00417CAB /* Resources */ = {
			isa = PBXResourcesBuildPhase;
			buildActionMask = 2147483647;
			files = (
				597C814620014E7200417CAB /* myntra_women_kurta.json in Resources */,
				597C814C20014E7200417CAB /* myntra_men_sweatshirt.json in Resources */,
				597C815020014E7200417CAB /* myntra_men_shirt.json in Resources */,
				597C814E20014E7200417CAB /* myntra_women_saree.json in Resources */,
				597C814A20014E7200417CAB /* myntra_men_tshirt.json in Resources */,
				597C814820014E7200417CAB /* myntra_women_tops.json in Resources */,
			);
			runOnlyForDeploymentPostprocessing = 0;
		};
/* End PBXResourcesBuildPhase section */

/* Begin PBXShellScriptBuildPhase section */
		7EA519FA94277B36864EF4BB /* [CP] Embed Pods Frameworks */ = {
			isa = PBXShellScriptBuildPhase;
			buildActionMask = 2147483647;
			files = (
			);
			inputPaths = (
				"${SRCROOT}/Pods/Target Support Files/Pods-DemoApp/Pods-DemoApp-frameworks.sh",
				"${BUILT_PRODUCTS_DIR}/Alamofire/Alamofire.framework",
				"${BUILT_PRODUCTS_DIR}/ObjectMapper/ObjectMapper.framework",
			);
			name = "[CP] Embed Pods Frameworks";
			outputPaths = (
				"${TARGET_BUILD_DIR}/${FRAMEWORKS_FOLDER_PATH}/Alamofire.framework",
				"${TARGET_BUILD_DIR}/${FRAMEWORKS_FOLDER_PATH}/ObjectMapper.framework",
			);
			runOnlyForDeploymentPostprocessing = 0;
			shellPath = /bin/sh;
			shellScript = "\"${SRCROOT}/Pods/Target Support Files/Pods-DemoApp/Pods-DemoApp-frameworks.sh\"\n";
			showEnvVarsInLog = 0;
		};
		96ED43CBF1D3481DB0169147 /* [CP] Check Pods Manifest.lock */ = {
			isa = PBXShellScriptBuildPhase;
			buildActionMask = 2147483647;
			files = (
			);
			inputPaths = (
				"${PODS_PODFILE_DIR_PATH}/Podfile.lock",
				"${PODS_ROOT}/Manifest.lock",
			);
			name = "[CP] Check Pods Manifest.lock";
			outputPaths = (
				"$(DERIVED_FILE_DIR)/Pods-DemoApp-checkManifestLockResult.txt",
			);
			runOnlyForDeploymentPostprocessing = 0;
			shellPath = /bin/sh;
			shellScript = "diff \"${PODS_PODFILE_DIR_PATH}/Podfile.lock\" \"${PODS_ROOT}/Manifest.lock\" > /dev/null\nif [ $? != 0 ] ; then\n    # print error to STDERR\n    echo \"error: The sandbox is not in sync with the Podfile.lock. Run 'pod install' or update your CocoaPods installation.\" >&2\n    exit 1\nfi\n# This output is used by Xcode 'outputs' to avoid re-running this script phase.\necho \"SUCCESS\" > \"${SCRIPT_OUTPUT_FILE_0}\"\n";
			showEnvVarsInLog = 0;
		};
		97DECA9FE0CFDA72A41DF4B0 /* [CP] Copy Pods Resources */ = {
			isa = PBXShellScriptBuildPhase;
			buildActionMask = 2147483647;
			files = (
			);
			inputPaths = (
			);
			name = "[CP] Copy Pods Resources";
			outputPaths = (
			);
			runOnlyForDeploymentPostprocessing = 0;
			shellPath = /bin/sh;
			shellScript = "\"${SRCROOT}/Pods/Target Support Files/Pods-DemoAppTests/Pods-DemoAppTests-resources.sh\"\n";
			showEnvVarsInLog = 0;
		};
		B2BEAAD4F072D72B3BB44022 /* [CP] Check Pods Manifest.lock */ = {
			isa = PBXShellScriptBuildPhase;
			buildActionMask = 2147483647;
			files = (
			);
			inputPaths = (
				"${PODS_PODFILE_DIR_PATH}/Podfile.lock",
				"${PODS_ROOT}/Manifest.lock",
			);
			name = "[CP] Check Pods Manifest.lock";
			outputPaths = (
				"$(DERIVED_FILE_DIR)/Pods-DemoAppTests-checkManifestLockResult.txt",
			);
			runOnlyForDeploymentPostprocessing = 0;
			shellPath = /bin/sh;
			shellScript = "diff \"${PODS_PODFILE_DIR_PATH}/Podfile.lock\" \"${PODS_ROOT}/Manifest.lock\" > /dev/null\nif [ $? != 0 ] ; then\n    # print error to STDERR\n    echo \"error: The sandbox is not in sync with the Podfile.lock. Run 'pod install' or update your CocoaPods installation.\" >&2\n    exit 1\nfi\n# This output is used by Xcode 'outputs' to avoid re-running this script phase.\necho \"SUCCESS\" > \"${SCRIPT_OUTPUT_FILE_0}\"\n";
			showEnvVarsInLog = 0;
		};
		F101BB0E0A4F9321C288C5C6 /* [CP] Copy Pods Resources */ = {
			isa = PBXShellScriptBuildPhase;
			buildActionMask = 2147483647;
			files = (
			);
			inputPaths = (
			);
			name = "[CP] Copy Pods Resources";
			outputPaths = (
			);
			runOnlyForDeploymentPostprocessing = 0;
			shellPath = /bin/sh;
			shellScript = "\"${SRCROOT}/Pods/Target Support Files/Pods-DemoApp/Pods-DemoApp-resources.sh\"\n";
			showEnvVarsInLog = 0;
		};
		F1ACA31945171EAC54C20238 /* [CP] Embed Pods Frameworks */ = {
			isa = PBXShellScriptBuildPhase;
			buildActionMask = 2147483647;
			files = (
			);
			inputPaths = (
			);
			name = "[CP] Embed Pods Frameworks";
			outputPaths = (
			);
			runOnlyForDeploymentPostprocessing = 0;
			shellPath = /bin/sh;
			shellScript = "\"${SRCROOT}/Pods/Target Support Files/Pods-DemoAppTests/Pods-DemoAppTests-frameworks.sh\"\n";
			showEnvVarsInLog = 0;
		};
/* End PBXShellScriptBuildPhase section */

/* Begin PBXSourcesBuildPhase section */
		597C810220010C3C00417CAB /* Sources */ = {
			isa = PBXSourcesBuildPhase;
			buildActionMask = 2147483647;
			files = (
				59F93757201211F0009870A2 /* ChooseBrandCell.swift in Sources */,
				59F93753201211BF009870A2 /* StartPageCell.swift in Sources */,
				59D74F1E2004F6E600B0F5C8 /* Brand+CoreDataClass.swift in Sources */,
				597C813920011B4C00417CAB /* ProductViewTblVc.swift in Sources */,
				597C810C20010C3C00417CAB /* ViewController.swift in Sources */,
				59D74F0E20049B9F00B0F5C8 /* Women_saree+CoreDataClass.swift in Sources */,
				597ACA3720016D42005A0981 /* GetJsonfileNSObject.swift in Sources */,
				597C815220015E1E00417CAB /* ProductCatagoryTblVwCell.swift in Sources */,
				59F9374B2012110A009870A2 /* ChooseBrandVC.swift in Sources */,
				59D74F1620049B9F00B0F5C8 /* Mens_tshirt+CoreDataClass.swift in Sources */,
				59D74F1720049B9F00B0F5C8 /* Mens_tshirt+CoreDataProperties.swift in Sources */,
				59F93755201211D9009870A2 /* ChooseCatagoryCell.swift in Sources */,
				59D74F212005E0FD00B0F5C8 /* productCellNsObject.swift in Sources */,
				59919555200799FF00BF4DB4 /* Collection_Brands+CoreDataProperties.swift in Sources */,
				59919554200799FF00BF4DB4 /* Collection_Brands+CoreDataClass.swift in Sources */,
				59D74EE6200347E800B0F5C8 /* JsonMapper.swift in Sources */,
				597C811220010C3C00417CAB /* DemoApp.xcdatamodeld in Sources */,
				597C810A20010C3C00417CAB /* AppDelegate.swift in Sources */,
				59D74F1920049B9F00B0F5C8 /* Women_kurta+CoreDataProperties.swift in Sources */,
				59F9374F20121157009870A2 /* ShowProductVC.swift in Sources */,
				59D74EE0200346F200B0F5C8 /* BrandsForLadies+CoreDataProperties.swift in Sources */,
				592B148D20074DA400CDC170 /* BrandsVC.swift in Sources */,
				597C813B200123D800417CAB /* ProductVc.swift in Sources */,
				59F9375B201237BA009870A2 /* ChooseCatagoryTblVC.swift in Sources */,
				597C81352001104600417CAB /* CatagoryTblCell.swift in Sources */,
				59D74F1120049B9F00B0F5C8 /* Women_tops+CoreDataProperties.swift in Sources */,
				59D74F1320049B9F00B0F5C8 /* Mens_shirt+CoreDataProperties.swift in Sources */,
				592B148B20067C8B00CDC170 /* CodeCheck.swift in Sources */,
				59F9374D2012113B009870A2 /* ChooseProductVC.swift in Sources */,
				59D74F232005FFB500B0F5C8 /* brandCellNsObject.swift in Sources */,
				59F9375120121177009870A2 /* AddCartVC.swift in Sources */,
				59D74EE42003470E00B0F5C8 /* BrandsForGents+CoreDataProperties.swift in Sources */,
				597C81372001107200417CAB /* BrandTblCell.swift in Sources */,
				597C813D2001241600417CAB /* ProductViewCell.swift in Sources */,
				59D74EDF200346F200B0F5C8 /* BrandsForLadies+CoreDataClass.swift in Sources */,
				59D39DDB200639EF006E8FD2 /* Store_FetchFunctions.swift in Sources */,
				59D74F1020049B9F00B0F5C8 /* Women_tops+CoreDataClass.swift in Sources */,
				597C813320010FFA00417CAB /* CatagoryTblVw.swift in Sources */,
				59D74EE32003470E00B0F5C8 /* BrandsForGents+CoreDataClass.swift in Sources */,
				59D74F1420049B9F00B0F5C8 /* Mens_sweatshirt+CoreDataClass.swift in Sources */,
				59D74F1220049B9F00B0F5C8 /* Mens_shirt+CoreDataClass.swift in Sources */,
				59D74F1F2004F6E600B0F5C8 /* Brand+CoreDataProperties.swift in Sources */,
				59D74F1820049B9F00B0F5C8 /* Women_kurta+CoreDataClass.swift in Sources */,
				59D74F1B2004A20B00B0F5C8 /* GetCoreDataVariables.swift in Sources */,
				59F93759201235AD009870A2 /* StartingTblVC.swift in Sources */,
				59D74F1520049B9F00B0F5C8 /* Mens_sweatshirt+CoreDataProperties.swift in Sources */,
				59D74F0F20049B9F00B0F5C8 /* Women_saree+CoreDataProperties.swift in Sources */,
			);
			runOnlyForDeploymentPostprocessing = 0;
		};
		597C811920010C3C00417CAB /* Sources */ = {
			isa = PBXSourcesBuildPhase;
			buildActionMask = 2147483647;
			files = (
				597C812220010C3C00417CAB /* DemoAppTests.swift in Sources */,
			);
			runOnlyForDeploymentPostprocessing = 0;
		};
/* End PBXSourcesBuildPhase section */

/* Begin PBXTargetDependency section */
		597C811F20010C3C00417CAB /* PBXTargetDependency */ = {
			isa = PBXTargetDependency;
			target = 597C810520010C3C00417CAB /* DemoApp */;
			targetProxy = 597C811E20010C3C00417CAB /* PBXContainerItemProxy */;
		};
/* End PBXTargetDependency section */

/* Begin PBXVariantGroup section */
		597C810D20010C3C00417CAB /* Main.storyboard */ = {
			isa = PBXVariantGroup;
			children = (
				597C810E20010C3C00417CAB /* Base */,
			);
			name = Main.storyboard;
			sourceTree = "<group>";
		};
		597C811520010C3C00417CAB /* LaunchScreen.storyboard */ = {
			isa = PBXVariantGroup;
			children = (
				597C811620010C3C00417CAB /* Base */,
			);
			name = LaunchScreen.storyboard;
			sourceTree = "<group>";
		};
/* End PBXVariantGroup section */

/* Begin XCBuildConfiguration section */
		597C812420010C3C00417CAB /* Debug */ = {
			isa = XCBuildConfiguration;
			buildSettings = {
				ALWAYS_SEARCH_USER_PATHS = NO;
				CLANG_ANALYZER_NONNULL = YES;
				CLANG_ANALYZER_NUMBER_OBJECT_CONVERSION = YES_AGGRESSIVE;
				CLANG_CXX_LANGUAGE_STANDARD = "gnu++14";
				CLANG_CXX_LIBRARY = "libc++";
				CLANG_ENABLE_MODULES = YES;
				CLANG_ENABLE_OBJC_ARC = YES;
				CLANG_WARN_BLOCK_CAPTURE_AUTORELEASING = YES;
				CLANG_WARN_BOOL_CONVERSION = YES;
				CLANG_WARN_COMMA = YES;
				CLANG_WARN_CONSTANT_CONVERSION = YES;
				CLANG_WARN_DIRECT_OBJC_ISA_USAGE = YES_ERROR;
				CLANG_WARN_DOCUMENTATION_COMMENTS = YES;
				CLANG_WARN_EMPTY_BODY = YES;
				CLANG_WARN_ENUM_CONVERSION = YES;
				CLANG_WARN_INFINITE_RECURSION = YES;
				CLANG_WARN_INT_CONVERSION = YES;
				CLANG_WARN_NON_LITERAL_NULL_CONVERSION = YES;
				CLANG_WARN_OBJC_LITERAL_CONVERSION = YES;
				CLANG_WARN_OBJC_ROOT_CLASS = YES_ERROR;
				CLANG_WARN_RANGE_LOOP_ANALYSIS = YES;
				CLANG_WARN_STRICT_PROTOTYPES = YES;
				CLANG_WARN_SUSPICIOUS_MOVE = YES;
				CLANG_WARN_UNGUARDED_AVAILABILITY = YES_AGGRESSIVE;
				CLANG_WARN_UNREACHABLE_CODE = YES;
				CLANG_WARN__DUPLICATE_METHOD_MATCH = YES;
				CODE_SIGN_IDENTITY = "iPhone Developer";
				COPY_PHASE_STRIP = NO;
				DEBUG_INFORMATION_FORMAT = dwarf;
				ENABLE_STRICT_OBJC_MSGSEND = YES;
				ENABLE_TESTABILITY = YES;
				GCC_C_LANGUAGE_STANDARD = gnu11;
				GCC_DYNAMIC_NO_PIC = NO;
				GCC_NO_COMMON_BLOCKS = YES;
				GCC_OPTIMIZATION_LEVEL = 0;
				GCC_PREPROCESSOR_DEFINITIONS = (
					"DEBUG=1",
					"$(inherited)",
				);
				GCC_WARN_64_TO_32_BIT_CONVERSION = YES;
				GCC_WARN_ABOUT_RETURN_TYPE = YES_ERROR;
				GCC_WARN_UNDECLARED_SELECTOR = YES;
				GCC_WARN_UNINITIALIZED_AUTOS = YES_AGGRESSIVE;
				GCC_WARN_UNUSED_FUNCTION = YES;
				GCC_WARN_UNUSED_VARIABLE = YES;
				IPHONEOS_DEPLOYMENT_TARGET = 11.2;
				MTL_ENABLE_DEBUG_INFO = YES;
				ONLY_ACTIVE_ARCH = YES;
				SDKROOT = iphoneos;
				SWIFT_ACTIVE_COMPILATION_CONDITIONS = DEBUG;
				SWIFT_OPTIMIZATION_LEVEL = "-Onone";
			};
			name = Debug;
		};
		597C812520010C3C00417CAB /* Release */ = {
			isa = XCBuildConfiguration;
			buildSettings = {
				ALWAYS_SEARCH_USER_PATHS = NO;
				CLANG_ANALYZER_NONNULL = YES;
				CLANG_ANALYZER_NUMBER_OBJECT_CONVERSION = YES_AGGRESSIVE;
				CLANG_CXX_LANGUAGE_STANDARD = "gnu++14";
				CLANG_CXX_LIBRARY = "libc++";
				CLANG_ENABLE_MODULES = YES;
				CLANG_ENABLE_OBJC_ARC = YES;
				CLANG_WARN_BLOCK_CAPTURE_AUTORELEASING = YES;
				CLANG_WARN_BOOL_CONVERSION = YES;
				CLANG_WARN_COMMA = YES;
				CLANG_WARN_CONSTANT_CONVERSION = YES;
				CLANG_WARN_DIRECT_OBJC_ISA_USAGE = YES_ERROR;
				CLANG_WARN_DOCUMENTATION_COMMENTS = YES;
				CLANG_WARN_EMPTY_BODY = YES;
				CLANG_WARN_ENUM_CONVERSION = YES;
				CLANG_WARN_INFINITE_RECURSION = YES;
				CLANG_WARN_INT_CONVERSION = YES;
				CLANG_WARN_NON_LITERAL_NULL_CONVERSION = YES;
				CLANG_WARN_OBJC_LITERAL_CONVERSION = YES;
				CLANG_WARN_OBJC_ROOT_CLASS = YES_ERROR;
				CLANG_WARN_RANGE_LOOP_ANALYSIS = YES;
				CLANG_WARN_STRICT_PROTOTYPES = YES;
				CLANG_WARN_SUSPICIOUS_MOVE = YES;
				CLANG_WARN_UNGUARDED_AVAILABILITY = YES_AGGRESSIVE;
				CLANG_WARN_UNREACHABLE_CODE = YES;
				CLANG_WARN__DUPLICATE_METHOD_MATCH = YES;
				CODE_SIGN_IDENTITY = "iPhone Developer";
				COPY_PHASE_STRIP = NO;
				DEBUG_INFORMATION_FORMAT = "dwarf-with-dsym";
				ENABLE_NS_ASSERTIONS = NO;
				ENABLE_STRICT_OBJC_MSGSEND = YES;
				GCC_C_LANGUAGE_STANDARD = gnu11;
				GCC_NO_COMMON_BLOCKS = YES;
				GCC_WARN_64_TO_32_BIT_CONVERSION = YES;
				GCC_WARN_ABOUT_RETURN_TYPE = YES_ERROR;
				GCC_WARN_UNDECLARED_SELECTOR = YES;
				GCC_WARN_UNINITIALIZED_AUTOS = YES_AGGRESSIVE;
				GCC_WARN_UNUSED_FUNCTION = YES;
				GCC_WARN_UNUSED_VARIABLE = YES;
				IPHONEOS_DEPLOYMENT_TARGET = 11.2;
				MTL_ENABLE_DEBUG_INFO = NO;
				SDKROOT = iphoneos;
				SWIFT_OPTIMIZATION_LEVEL = "-Owholemodule";
				VALIDATE_PRODUCT = YES;
			};
			name = Release;
		};
		597C812720010C3C00417CAB /* Debug */ = {
			isa = XCBuildConfiguration;
			baseConfigurationReference = 6EDE35E602E34FE6F9101F22 /* Pods-DemoApp.debug.xcconfig */;
			buildSettings = {
				ASSETCATALOG_COMPILER_APPICON_NAME = AppIcon;
				CODE_SIGN_STYLE = Automatic;
				DEVELOPMENT_TEAM = CZ6TZM89R5;
				INFOPLIST_FILE = DemoApp/Info.plist;
				IPHONEOS_DEPLOYMENT_TARGET = 11.0;
				LD_RUNPATH_SEARCH_PATHS = "$(inherited) @executable_path/Frameworks";
				PRODUCT_BUNDLE_IDENTIFIER = "com.-DemoApp.DemoApp";
				PRODUCT_NAME = "$(TARGET_NAME)";
				SWIFT_VERSION = 4.0;
				TARGETED_DEVICE_FAMILY = "1,2";
			};
			name = Debug;
		};
		597C812820010C3C00417CAB /* Release */ = {
			isa = XCBuildConfiguration;
			baseConfigurationReference = 066DCE8BC99B716297BB3F55 /* Pods-DemoApp.release.xcconfig */;
			buildSettings = {
				ASSETCATALOG_COMPILER_APPICON_NAME = AppIcon;
				CODE_SIGN_STYLE = Automatic;
				DEVELOPMENT_TEAM = CZ6TZM89R5;
				INFOPLIST_FILE = DemoApp/Info.plist;
				IPHONEOS_DEPLOYMENT_TARGET = 11.0;
				LD_RUNPATH_SEARCH_PATHS = "$(inherited) @executable_path/Frameworks";
				PRODUCT_BUNDLE_IDENTIFIER = "com.-DemoApp.DemoApp";
				PRODUCT_NAME = "$(TARGET_NAME)";
				SWIFT_VERSION = 4.0;
				TARGETED_DEVICE_FAMILY = "1,2";
			};
			name = Release;
		};
		597C812A20010C3C00417CAB /* Debug */ = {
			isa = XCBuildConfiguration;
			baseConfigurationReference = EFE5BB72FECE59C62A779726 /* Pods-DemoAppTests.debug.xcconfig */;
			buildSettings = {
				ALWAYS_EMBED_SWIFT_STANDARD_LIBRARIES = YES;
				BUNDLE_LOADER = "$(TEST_HOST)";
				CODE_SIGN_STYLE = Automatic;
				DEVELOPMENT_TEAM = CZ6TZM89R5;
				INFOPLIST_FILE = DemoAppTests/Info.plist;
				LD_RUNPATH_SEARCH_PATHS = "$(inherited) @executable_path/Frameworks @loader_path/Frameworks";
				PRODUCT_BUNDLE_IDENTIFIER = "com.-DemoApp.DemoAppTests";
				PRODUCT_NAME = "$(TARGET_NAME)";
				SWIFT_VERSION = 4.0;
				TARGETED_DEVICE_FAMILY = "1,2";
				TEST_HOST = "$(BUILT_PRODUCTS_DIR)/DemoApp.app/DemoApp";
			};
			name = Debug;
		};
		597C812B20010C3C00417CAB /* Release */ = {
			isa = XCBuildConfiguration;
			baseConfigurationReference = E5C095CFCF384FE35CED6B3E /* Pods-DemoAppTests.release.xcconfig */;
			buildSettings = {
				ALWAYS_EMBED_SWIFT_STANDARD_LIBRARIES = YES;
				BUNDLE_LOADER = "$(TEST_HOST)";
				CODE_SIGN_STYLE = Automatic;
				DEVELOPMENT_TEAM = CZ6TZM89R5;
				INFOPLIST_FILE = DemoAppTests/Info.plist;
				LD_RUNPATH_SEARCH_PATHS = "$(inherited) @executable_path/Frameworks @loader_path/Frameworks";
				PRODUCT_BUNDLE_IDENTIFIER = "com.-DemoApp.DemoAppTests";
				PRODUCT_NAME = "$(TARGET_NAME)";
				SWIFT_VERSION = 4.0;
				TARGETED_DEVICE_FAMILY = "1,2";
				TEST_HOST = "$(BUILT_PRODUCTS_DIR)/DemoApp.app/DemoApp";
			};
			name = Release;
		};
/* End XCBuildConfiguration section */

/* Begin XCConfigurationList section */
		597C810120010C3C00417CAB /* Build configuration list for PBXProject "DemoApp" */ = {
			isa = XCConfigurationList;
			buildConfigurations = (
				597C812420010C3C00417CAB /* Debug */,
				597C812520010C3C00417CAB /* Release */,
			);
			defaultConfigurationIsVisible = 0;
			defaultConfigurationName = Release;
		};
		597C812620010C3C00417CAB /* Build configuration list for PBXNativeTarget "DemoApp" */ = {
			isa = XCConfigurationList;
			buildConfigurations = (
				597C812720010C3C00417CAB /* Debug */,
				597C812820010C3C00417CAB /* Release */,
			);
			defaultConfigurationIsVisible = 0;
			defaultConfigurationName = Release;
		};
		597C812920010C3C00417CAB /* Build configuration list for PBXNativeTarget "DemoAppTests" */ = {
			isa = XCConfigurationList;
			buildConfigurations = (
				597C812A20010C3C00417CAB /* Debug */,
				597C812B20010C3C00417CAB /* Release */,
			);
			defaultConfigurationIsVisible = 0;
			defaultConfigurationName = Release;
		};
/* End XCConfigurationList section */

/* Begin XCVersionGroup section */
		597C811020010C3C00417CAB /* DemoApp.xcdatamodeld */ = {
			isa = XCVersionGroup;
			children = (
				597C811120010C3C00417CAB /* DemoApp.xcdatamodel */,
			);
			currentVersion = 597C811120010C3C00417CAB /* DemoApp.xcdatamodel */;
			path = DemoApp.xcdatamodeld;
			sourceTree = "<group>";
			versionGroupType = wrapper.xcdatamodel;
		};
/* End XCVersionGroup section */
	};
	rootObject = 597C80FE20010C3C00417CAB /* Project object */;
}
